
Microsoft Visual Studio Solution File, Format Version 12.00
# Visual Studio 15
VisualStudioVersion = 15.0.28010.2046
MinimumVisualStudioVersion = 10.0.40219.1
Project("{FAE04EC0-301F-11D3-BF4B-00C04F79EFBC}") = "InteractiveCollages", "InteractiveCollages.csproj", "{81C63530-E081-46CC-B864-73BE48C07E2D}"
EndProject
Global
	GlobalSection(SolutionConfigurationPlatforms) = preSolution
		Debug|Any CPU = Debug|Any CPU
		Release|Any CPU = Release|Any CPU
	EndGlobalSection
	GlobalSection(ProjectConfigurationPlatforms) = postSolution
		{81C63530-E081-46CC-B864-73BE48C07E2D}.Debug|Any CPU.ActiveCfg = Debug|Any CPU
		{81C63530-E081-46CC-B864-73BE48C07E2D}.Debug|Any CPU.Build.0 = Debug|Any CPU
		{81C63530-E081-46CC-B864-73BE48C07E2D}.Release|Any CPU.ActiveCfg = Release|Any CPU
		{81C63530-E081-46CC-B864-73BE48C07E2D}.Release|Any CPU.Build.0 = Release|Any CPU
	EndGlobalSection
	GlobalSection(SolutionProperties) = preSolution
		HideSolutionNode = FALSE
	EndGlobalSection
	GlobalSection(ExtensibilityGlobals) = postSolution
		SolutionGuid = {CD0D87EE-ABE3-4A1F-B9A3-BB3C30896C63}
	EndGlobalSection
EndGlobal
